
Microsoft Visual Studio Solution File, Format Version 12.00
# Visual Studio 14
VisualStudioVersion = 14.0.25420.1
MinimumVisualStudioVersion = 10.0.40219.1
Project("{8BC9CEB8-8B4A-11D0-8D11-00A0C91BC942}") = "RTTI", "RTTI\RTTI.vcxproj", "{4E6FE7C7-F957-4C68-8C10-A9F018F41093}"
EndProject
Project("{8BC9CEB8-8B4A-11D0-8D11-00A0C91BC942}") = "TypeIndex", "TypeIndex\TypeIndex.vcxproj", "{D304E1A8-275A-45DA-9A7C-5DA1FB475A35}"
EndProject
Project("{8BC9CEB8-8B4A-11D0-8D11-00A0C91BC942}") = "CONST_CAST", "CONST_CAST\CONST_CAST.vcxproj", "{31887149-3AD1-49DF-90E4-10B978E8E5D6}"
EndProject
Project("{8BC9CEB8-8B4A-11D0-8D11-00A0C91BC942}") = "STATIC_CAST", "STATIC_CAST\STATIC_CAST.vcxproj", "{44DCBE5E-DEB6-43CF-9303-AB3005D50E10}"
EndProject
Project("{8BC9CEB8-8B4A-11D0-8D11-00A0C91BC942}") = "DYNAMIC_CAST", "DYNAMIC_CAST\DYNAMIC_CAST.vcxproj", "{9456DDAC-5E77-44BD-BFC7-86E97EB830A4}"
EndProject
Project("{8BC9CEB8-8B4A-11D0-8D11-00A0C91BC942}") = "DYNAMIC_CAST 2", "DYNAMIC_CAST 2\DYNAMIC_CAST 2.vcxproj", "{62C1D152-DB02-4F17-824A-8FF83FA3C1FC}"
EndProject
Project("{8BC9CEB8-8B4A-11D0-8D11-00A0C91BC942}") = "REINTERPRET_CAST", "REINTERPRET_CAST\REINTERPRET_CAST.vcxproj", "{7FE538FD-1CE8-404D-9D23-F2CABF4D1B14}"
EndProject
Project("{8BC9CEB8-8B4A-11D0-8D11-00A0C91BC942}") = "REINTERPRET_CAST 2", "REINTERPRET_CAST 2\REINTERPRET_CAST 2.vcxproj", "{74B29323-66D8-4C0E-AD44-F6CDB26FECC6}"
EndProject
Project("{8BC9CEB8-8B4A-11D0-8D11-00A0C91BC942}") = "CONST_CAST And TYPE_TRAITS", "CONST_CAST And TYPE_TRAITS\CONST_CAST And TYPE_TRAITS.vcxproj", "{78CDC163-9E97-41C5-B25E-7109E7FE4A87}"
EndProject
Global
	GlobalSection(SolutionConfigurationPlatforms) = preSolution
		Debug|x64 = Debug|x64
		Debug|x86 = Debug|x86
		Release|x64 = Release|x64
		Release|x86 = Release|x86
	EndGlobalSection
	GlobalSection(ProjectConfigurationPlatforms) = postSolution
		{4E6FE7C7-F957-4C68-8C10-A9F018F41093}.Debug|x64.ActiveCfg = Debug|x64
		{4E6FE7C7-F957-4C68-8C10-A9F018F41093}.Debug|x64.Build.0 = Debug|x64
		{4E6FE7C7-F957-4C68-8C10-A9F018F41093}.Debug|x86.ActiveCfg = Debug|Win32
		{4E6FE7C7-F957-4C68-8C10-A9F018F41093}.Debug|x86.Build.0 = Debug|Win32
		{4E6FE7C7-F957-4C68-8C10-A9F018F41093}.Release|x64.ActiveCfg = Release|x64
		{4E6FE7C7-F957-4C68-8C10-A9F018F41093}.Release|x64.Build.0 = Release|x64
		{4E6FE7C7-F957-4C68-8C10-A9F018F41093}.Release|x86.ActiveCfg = Release|Win32
		{4E6FE7C7-F957-4C68-8C10-A9F018F41093}.Release|x86.Build.0 = Release|Win32
		{D304E1A8-275A-45DA-9A7C-5DA1FB475A35}.Debug|x64.ActiveCfg = Debug|x64
		{D304E1A8-275A-45DA-9A7C-5DA1FB475A35}.Debug|x64.Build.0 = Debug|x64
		{D304E1A8-275A-45DA-9A7C-5DA1FB475A35}.Debug|x86.ActiveCfg = Debug|Win32
		{D304E1A8-275A-45DA-9A7C-5DA1FB475A35}.Debug|x86.Build.0 = Debug|Win32
		{D304E1A8-275A-45DA-9A7C-5DA1FB475A35}.Release|x64.ActiveCfg = Release|x64
		{D304E1A8-275A-45DA-9A7C-5DA1FB475A35}.Release|x64.Build.0 = Release|x64
		{D304E1A8-275A-45DA-9A7C-5DA1FB475A35}.Release|x86.ActiveCfg = Release|Win32
		{D304E1A8-275A-45DA-9A7C-5DA1FB475A35}.Release|x86.Build.0 = Release|Win32
		{31887149-3AD1-49DF-90E4-10B978E8E5D6}.Debug|x64.ActiveCfg = Debug|x64
		{31887149-3AD1-49DF-90E4-10B978E8E5D6}.Debug|x64.Build.0 = Debug|x64
		{31887149-3AD1-49DF-90E4-10B978E8E5D6}.Debug|x86.ActiveCfg = Debug|Win32
		{31887149-3AD1-49DF-90E4-10B978E8E5D6}.Debug|x86.Build.0 = Debug|Win32
		{31887149-3AD1-49DF-90E4-10B978E8E5D6}.Release|x64.ActiveCfg = Release|x64
		{31887149-3AD1-49DF-90E4-10B978E8E5D6}.Release|x64.Build.0 = Release|x64
		{31887149-3AD1-49DF-90E4-10B978E8E5D6}.Release|x86.ActiveCfg = Release|Win32
		{31887149-3AD1-49DF-90E4-10B978E8E5D6}.Release|x86.Build.0 = Release|Win32
		{44DCBE5E-DEB6-43CF-9303-AB3005D50E10}.Debug|x64.ActiveCfg = Debug|x64
		{44DCBE5E-DEB6-43CF-9303-AB3005D50E10}.Debug|x64.Build.0 = Debug|x64
		{44DCBE5E-DEB6-43CF-9303-AB3005D50E10}.Debug|x86.ActiveCfg = Debug|Win32
		{44DCBE5E-DEB6-43CF-9303-AB3005D50E10}.Debug|x86.Build.0 = Debug|Win32
		{44DCBE5E-DEB6-43CF-9303-AB3005D50E10}.Release|x64.ActiveCfg = Release|x64
		{44DCBE5E-DEB6-43CF-9303-AB3005D50E10}.Release|x64.Build.0 = Release|x64
		{44DCBE5E-DEB6-43CF-9303-AB3005D50E10}.Release|x86.ActiveCfg = Release|Win32
		{44DCBE5E-DEB6-43CF-9303-AB3005D50E10}.Release|x86.Build.0 = Release|Win32
		{9456DDAC-5E77-44BD-BFC7-86E97EB830A4}.Debug|x64.ActiveCfg = Debug|x64
		{9456DDAC-5E77-44BD-BFC7-86E97EB830A4}.Debug|x64.Build.0 = Debug|x64
		{9456DDAC-5E77-44BD-BFC7-86E97EB830A4}.Debug|x86.ActiveCfg = Debug|Win32
		{9456DDAC-5E77-44BD-BFC7-86E97EB830A4}.Debug|x86.Build.0 = Debug|Win32
		{9456DDAC-5E77-44BD-BFC7-86E97EB830A4}.Release|x64.ActiveCfg = Release|x64
		{9456DDAC-5E77-44BD-BFC7-86E97EB830A4}.Release|x64.Build.0 = Release|x64
		{9456DDAC-5E77-44BD-BFC7-86E97EB830A4}.Release|x86.ActiveCfg = Release|Win32
		{9456DDAC-5E77-44BD-BFC7-86E97EB830A4}.Release|x86.Build.0 = Release|Win32
		{62C1D152-DB02-4F17-824A-8FF83FA3C1FC}.Debug|x64.ActiveCfg = Debug|x64
		{62C1D152-DB02-4F17-824A-8FF83FA3C1FC}.Debug|x64.Build.0 = Debug|x64
		{62C1D152-DB02-4F17-824A-8FF83FA3C1FC}.Debug|x86.ActiveCfg = Debug|Win32
		{62C1D152-DB02-4F17-824A-8FF83FA3C1FC}.Debug|x86.Build.0 = Debug|Win32
		{62C1D152-DB02-4F17-824A-8FF83FA3C1FC}.Release|x64.ActiveCfg = Release|x64
		{62C1D152-DB02-4F17-824A-8FF83FA3C1FC}.Release|x64.Build.0 = Release|x64
		{62C1D152-DB02-4F17-824A-8FF83FA3C1FC}.Release|x86.ActiveCfg = Release|Win32
		{62C1D152-DB02-4F17-824A-8FF83FA3C1FC}.Release|x86.Build.0 = Release|Win32
		{7FE538FD-1CE8-404D-9D23-F2CABF4D1B14}.Debug|x64.ActiveCfg = Debug|x64
		{7FE538FD-1CE8-404D-9D23-F2CABF4D1B14}.Debug|x64.Build.0 = Debug|x64
		{7FE538FD-1CE8-404D-9D23-F2CABF4D1B14}.Debug|x86.ActiveCfg = Debug|Win32
		{7FE538FD-1CE8-404D-9D23-F2CABF4D1B14}.Debug|x86.Build.0 = Debug|Win32
		{7FE538FD-1CE8-404D-9D23-F2CABF4D1B14}.Release|x64.ActiveCfg = Release|x64
		{7FE538FD-1CE8-404D-9D23-F2CABF4D1B14}.Release|x64.Build.0 = Release|x64
		{7FE538FD-1CE8-404D-9D23-F2CABF4D1B14}.Release|x86.ActiveCfg = Release|Win32
		{7FE538FD-1CE8-404D-9D23-F2CABF4D1B14}.Release|x86.Build.0 = Release|Win32
		{74B29323-66D8-4C0E-AD44-F6CDB26FECC6}.Debug|x64.ActiveCfg = Debug|x64
		{74B29323-66D8-4C0E-AD44-F6CDB26FECC6}.Debug|x64.Build.0 = Debug|x64
		{74B29323-66D8-4C0E-AD44-F6CDB26FECC6}.Debug|x86.ActiveCfg = Debug|Win32
		{74B29323-66D8-4C0E-AD44-F6CDB26FECC6}.Debug|x86.Build.0 = Debug|Win32
		{74B29323-66D8-4C0E-AD44-F6CDB26FECC6}.Release|x64.ActiveCfg = Release|x64
		{74B29323-66D8-4C0E-AD44-F6CDB26FECC6}.Release|x64.Build.0 = Release|x64
		{74B29323-66D8-4C0E-AD44-F6CDB26FECC6}.Release|x86.ActiveCfg = Release|Win32
		{74B29323-66D8-4C0E-AD44-F6CDB26FECC6}.Release|x86.Build.0 = Release|Win32
		{78CDC163-9E97-41C5-B25E-7109E7FE4A87}.Debug|x64.ActiveCfg = Debug|x64
		{78CDC163-9E97-41C5-B25E-7109E7FE4A87}.Debug|x64.Build.0 = Debug|x64
		{78CDC163-9E97-41C5-B25E-7109E7FE4A87}.Debug|x86.ActiveCfg = Debug|Win32
		{78CDC163-9E97-41C5-B25E-7109E7FE4A87}.Debug|x86.Build.0 = Debug|Win32
		{78CDC163-9E97-41C5-B25E-7109E7FE4A87}.Release|x64.ActiveCfg = Release|x64
		{78CDC163-9E97-41C5-B25E-7109E7FE4A87}.Release|x64.Build.0 = Release|x64
		{78CDC163-9E97-41C5-B25E-7109E7FE4A87}.Release|x86.ActiveCfg = Release|Win32
		{78CDC163-9E97-41C5-B25E-7109E7FE4A87}.Release|x86.Build.0 = Release|Win32
	EndGlobalSection
	GlobalSection(SolutionProperties) = preSolution
		HideSolutionNode = FALSE
	EndGlobalSection
EndGlobal
